
Microsoft Visual Studio Solution File, Format Version 12.00
# Visual Studio Version 17
VisualStudioVersion = 17.7.34031.279
MinimumVisualStudioVersion = 10.0.40219.1
Project("{FAE04EC0-301F-11D3-BF4B-00C04F79EFBC}") = "Lab_2", "Lab_2\Lab_2.csproj", "{FCAE35B9-08BA-4117-8D58-E5565DB7F1A2}"
EndProject
Global
	GlobalSection(SolutionConfigurationPlatforms) = preSolution
		Debug|Any CPU = Debug|Any CPU
		Release|Any CPU = Release|Any CPU
	EndGlobalSection
	GlobalSection(ProjectConfigurationPlatforms) = postSolution
		{FCAE35B9-08BA-4117-8D58-E5565DB7F1A2}.Debug|Any CPU.ActiveCfg = Debug|Any CPU
		{FCAE35B9-08BA-4117-8D58-E5565DB7F1A2}.Debug|Any CPU.Build.0 = Debug|Any CPU
		{FCAE35B9-08BA-4117-8D58-E5565DB7F1A2}.Release|Any CPU.ActiveCfg = Release|Any CPU
		{FCAE35B9-08BA-4117-8D58-E5565DB7F1A2}.Release|Any CPU.Build.0 = Release|Any CPU
	EndGlobalSection
	GlobalSection(SolutionProperties) = preSolution
		HideSolutionNode = FALSE
	EndGlobalSection
	GlobalSection(ExtensibilityGlobals) = postSolution
		SolutionGuid = {3EC8D5AE-E0B5-42A3-94FF-603FA318DABE}
	EndGlobalSection
EndGlobal
