
Microsoft Visual Studio Solution File, Format Version 12.00
# Visual Studio Version 17
VisualStudioVersion = 17.7.34031.279
MinimumVisualStudioVersion = 10.0.40219.1
Project("{FAE04EC0-301F-11D3-BF4B-00C04F79EFBC}") = "Lab_6", "Lab_6\Lab_6.csproj", "{CB293BE5-53A9-4DDE-8EB1-1185B229DC33}"
EndProject
Global
	GlobalSection(SolutionConfigurationPlatforms) = preSolution
		Debug|Any CPU = Debug|Any CPU
		Release|Any CPU = Release|Any CPU
	EndGlobalSection
	GlobalSection(ProjectConfigurationPlatforms) = postSolution
		{CB293BE5-53A9-4DDE-8EB1-1185B229DC33}.Debug|Any CPU.ActiveCfg = Debug|Any CPU
		{CB293BE5-53A9-4DDE-8EB1-1185B229DC33}.Debug|Any CPU.Build.0 = Debug|Any CPU
		{CB293BE5-53A9-4DDE-8EB1-1185B229DC33}.Release|Any CPU.ActiveCfg = Release|Any CPU
		{CB293BE5-53A9-4DDE-8EB1-1185B229DC33}.Release|Any CPU.Build.0 = Release|Any CPU
	EndGlobalSection
	GlobalSection(SolutionProperties) = preSolution
		HideSolutionNode = FALSE
	EndGlobalSection
	GlobalSection(ExtensibilityGlobals) = postSolution
		SolutionGuid = {35D878CF-FD5C-4AAA-8481-F7567DD22DA9}
	EndGlobalSection
EndGlobal
