
Microsoft Visual Studio Solution File, Format Version 12.00
# Visual Studio Version 17
VisualStudioVersion = 17.7.34031.279
MinimumVisualStudioVersion = 10.0.40219.1
Project("{FAE04EC0-301F-11D3-BF4B-00C04F79EFBC}") = "Lab_13", "Lab_13\Lab_13.csproj", "{CDAA5593-04E5-4622-9829-2EDB228AB7FE}"
EndProject
Global
	GlobalSection(SolutionConfigurationPlatforms) = preSolution
		Debug|Any CPU = Debug|Any CPU
		Release|Any CPU = Release|Any CPU
	EndGlobalSection
	GlobalSection(ProjectConfigurationPlatforms) = postSolution
		{CDAA5593-04E5-4622-9829-2EDB228AB7FE}.Debug|Any CPU.ActiveCfg = Debug|Any CPU
		{CDAA5593-04E5-4622-9829-2EDB228AB7FE}.Debug|Any CPU.Build.0 = Debug|Any CPU
		{CDAA5593-04E5-4622-9829-2EDB228AB7FE}.Release|Any CPU.ActiveCfg = Release|Any CPU
		{CDAA5593-04E5-4622-9829-2EDB228AB7FE}.Release|Any CPU.Build.0 = Release|Any CPU
	EndGlobalSection
	GlobalSection(SolutionProperties) = preSolution
		HideSolutionNode = FALSE
	EndGlobalSection
	GlobalSection(ExtensibilityGlobals) = postSolution
		SolutionGuid = {CE1DE2C0-565B-4F1B-98AA-D7F3F1ABB716}
	EndGlobalSection
EndGlobal
